
Microsoft Visual Studio Solution File, Format Version 12.00
# Visual Studio 15
VisualStudioVersion = 15.0.28307.489
MinimumVisualStudioVersion = 10.0.40219.1
Project("{FAE04EC0-301F-11D3-BF4B-00C04F79EFBC}") = "Queue", "Queue\Queue.csproj", "{390759A4-949E-49DE-AEED-7978D143859B}"
EndProject
Project("{FAE04EC0-301F-11D3-BF4B-00C04F79EFBC}") = "Queue.Tests", "Queue.Tests\Queue.Tests.csproj", "{3751B47E-3B41-444F-84B5-EB2A9AA808A7}"
EndProject
Global
	GlobalSection(SolutionConfigurationPlatforms) = preSolution
		Debug|Any CPU = Debug|Any CPU
		Release|Any CPU = Release|Any CPU
	EndGlobalSection
	GlobalSection(ProjectConfigurationPlatforms) = postSolution
		{390759A4-949E-49DE-AEED-7978D143859B}.Debug|Any CPU.ActiveCfg = Debug|Any CPU
		{390759A4-949E-49DE-AEED-7978D143859B}.Debug|Any CPU.Build.0 = Debug|Any CPU
		{390759A4-949E-49DE-AEED-7978D143859B}.Release|Any CPU.ActiveCfg = Release|Any CPU
		{390759A4-949E-49DE-AEED-7978D143859B}.Release|Any CPU.Build.0 = Release|Any CPU
		{3751B47E-3B41-444F-84B5-EB2A9AA808A7}.Debug|Any CPU.ActiveCfg = Debug|Any CPU
		{3751B47E-3B41-444F-84B5-EB2A9AA808A7}.Debug|Any CPU.Build.0 = Debug|Any CPU
		{3751B47E-3B41-444F-84B5-EB2A9AA808A7}.Release|Any CPU.ActiveCfg = Release|Any CPU
		{3751B47E-3B41-444F-84B5-EB2A9AA808A7}.Release|Any CPU.Build.0 = Release|Any CPU
	EndGlobalSection
	GlobalSection(SolutionProperties) = preSolution
		HideSolutionNode = FALSE
	EndGlobalSection
	GlobalSection(ExtensibilityGlobals) = postSolution
		SolutionGuid = {1C5AAB8E-BCDD-438F-AE09-2360FB2E7E20}
	EndGlobalSection
EndGlobal
